
Microsoft Visual Studio Solution File, Format Version 12.00
# Visual Studio Version 16
VisualStudioVersion = 16.0.30523.141
MinimumVisualStudioVersion = 10.0.40219.1
Project("{FAE04EC0-301F-11D3-BF4B-00C04F79EFBC}") = "GoldStarr-YSYS-OP1-Grupp 6", "GoldStarr-YSYS-OP1-Grupp 6\GoldStarr-YSYS-OP1-Grupp 6.csproj", "{ED33FDAC-C580-4327-9403-35DD2A4E8AC4}"
EndProject
Global
	GlobalSection(SolutionConfigurationPlatforms) = preSolution
		Debug|ARM = Debug|ARM
		Debug|ARM64 = Debug|ARM64
		Debug|x64 = Debug|x64
		Debug|x86 = Debug|x86
		Release|ARM = Release|ARM
		Release|ARM64 = Release|ARM64
		Release|x64 = Release|x64
		Release|x86 = Release|x86
	EndGlobalSection
	GlobalSection(ProjectConfigurationPlatforms) = postSolution
		{ED33FDAC-C580-4327-9403-35DD2A4E8AC4}.Debug|ARM.ActiveCfg = Debug|ARM
		{ED33FDAC-C580-4327-9403-35DD2A4E8AC4}.Debug|ARM.Build.0 = Debug|ARM
		{ED33FDAC-C580-4327-9403-35DD2A4E8AC4}.Debug|ARM.Deploy.0 = Debug|ARM
		{ED33FDAC-C580-4327-9403-35DD2A4E8AC4}.Debug|ARM64.ActiveCfg = Debug|ARM64
		{ED33FDAC-C580-4327-9403-35DD2A4E8AC4}.Debug|ARM64.Build.0 = Debug|ARM64
		{ED33FDAC-C580-4327-9403-35DD2A4E8AC4}.Debug|ARM64.Deploy.0 = Debug|ARM64
		{ED33FDAC-C580-4327-9403-35DD2A4E8AC4}.Debug|x64.ActiveCfg = Debug|x64
		{ED33FDAC-C580-4327-9403-35DD2A4E8AC4}.Debug|x64.Build.0 = Debug|x64
		{ED33FDAC-C580-4327-9403-35DD2A4E8AC4}.Debug|x64.Deploy.0 = Debug|x64
		{ED33FDAC-C580-4327-9403-35DD2A4E8AC4}.Debug|x86.ActiveCfg = Debug|x86
		{ED33FDAC-C580-4327-9403-35DD2A4E8AC4}.Debug|x86.Build.0 = Debug|x86
		{ED33FDAC-C580-4327-9403-35DD2A4E8AC4}.Debug|x86.Deploy.0 = Debug|x86
		{ED33FDAC-C580-4327-9403-35DD2A4E8AC4}.Release|ARM.ActiveCfg = Release|ARM
		{ED33FDAC-C580-4327-9403-35DD2A4E8AC4}.Release|ARM.Build.0 = Release|ARM
		{ED33FDAC-C580-4327-9403-35DD2A4E8AC4}.Release|ARM.Deploy.0 = Release|ARM
		{ED33FDAC-C580-4327-9403-35DD2A4E8AC4}.Release|ARM64.ActiveCfg = Release|ARM64
		{ED33FDAC-C580-4327-9403-35DD2A4E8AC4}.Release|ARM64.Build.0 = Release|ARM64
		{ED33FDAC-C580-4327-9403-35DD2A4E8AC4}.Release|ARM64.Deploy.0 = Release|ARM64
		{ED33FDAC-C580-4327-9403-35DD2A4E8AC4}.Release|x64.ActiveCfg = Release|x64
		{ED33FDAC-C580-4327-9403-35DD2A4E8AC4}.Release|x64.Build.0 = Release|x64
		{ED33FDAC-C580-4327-9403-35DD2A4E8AC4}.Release|x64.Deploy.0 = Release|x64
		{ED33FDAC-C580-4327-9403-35DD2A4E8AC4}.Release|x86.ActiveCfg = Release|x86
		{ED33FDAC-C580-4327-9403-35DD2A4E8AC4}.Release|x86.Build.0 = Release|x86
		{ED33FDAC-C580-4327-9403-35DD2A4E8AC4}.Release|x86.Deploy.0 = Release|x86
	EndGlobalSection
	GlobalSection(SolutionProperties) = preSolution
		HideSolutionNode = FALSE
	EndGlobalSection
	GlobalSection(ExtensibilityGlobals) = postSolution
		SolutionGuid = {5F666DDA-A82C-44B7-9E2C-12BBE4B2C324}
	EndGlobalSection
EndGlobal
